
Microsoft Visual Studio Solution File, Format Version 12.00
# Visual Studio Version 17
VisualStudioVersion = 17.11.35312.102
MinimumVisualStudioVersion = 10.0.40219.1
Project("{2150E333-8FDC-42A3-9474-1A3956D46DE8}") = "Task0", "Task0", "{2169D59A-D632-4FA6-9403-1DCBF09A2706}"
EndProject
Project("{9A19103F-16F7-4668-BE54-9A1E7A4F7556}") = "Tyuiu.TodikovDE.Sprint2.Task0.V29", "Tyuiu.TodikovDE.Sprint2.Task0.V29\Tyuiu.TodikovDE.Sprint2.Task0.V29.csproj", "{A3E5669F-0EDA-4D20-A5DC-94D436B843CA}"
EndProject
Project("{9A19103F-16F7-4668-BE54-9A1E7A4F7556}") = "Tyuiu.TodikovDE.Sprint2.Task0.V29.Lib", "Tyuiu.TodikovDE.Sprint2.Task0.V29.Lib\Tyuiu.TodikovDE.Sprint2.Task0.V29.Lib.csproj", "{25C6F61C-9418-4303-A4C8-924377D1E989}"
EndProject
Project("{9A19103F-16F7-4668-BE54-9A1E7A4F7556}") = "Tyuiu.TodikovDE.Sprint2.Task0.V29.Test", "Tyuiu.TodikovDE.Sprint2.Task0.V29.Test\Tyuiu.TodikovDE.Sprint2.Task0.V29.Test.csproj", "{12E46206-42DE-4500-A926-66F0AFBB4C98}"
EndProject
Project("{2150E333-8FDC-42A3-9474-1A3956D46DE8}") = "Task1", "Task1", "{55F34422-0C9A-451C-9CE4-FC721BC4C4B5}"
EndProject
Project("{9A19103F-16F7-4668-BE54-9A1E7A4F7556}") = "Tyuiu.TodikovDE.Sprint2.Task1.V10", "Tyuiu.TodikovDE.Sprint2.Task1.V10\Tyuiu.TodikovDE.Sprint2.Task1.V10.csproj", "{6671DA0B-EB72-4EC7-B372-96AEEFFD9CAD}"
EndProject
Project("{9A19103F-16F7-4668-BE54-9A1E7A4F7556}") = "Tyuiu.TodikovDE.Sprint2.Task1.V10.Test", "Tyuiu.TodikovDE.Sprint2.Task1.V10.Test\Tyuiu.TodikovDE.Sprint2.Task1.V10.Test.csproj", "{408883BB-515A-4B99-B7C7-9B59952FC303}"
EndProject
Project("{9A19103F-16F7-4668-BE54-9A1E7A4F7556}") = "Tyuiu.TodikovDE.Sprint2.Task1.V10.Lib", "Tyuiu.TodikovDE.Sprint2.Task1.V10.Lib\Tyuiu.TodikovDE.Sprint2.Task1.V10.Lib.csproj", "{39D8A10A-979D-4708-9F7C-90B9DF539339}"
EndProject
Project("{2150E333-8FDC-42A3-9474-1A3956D46DE8}") = "Task2", "Task2", "{B1983AA3-A0DC-40FF-BD21-3F190A5BCE06}"
EndProject
Project("{9A19103F-16F7-4668-BE54-9A1E7A4F7556}") = "Tyuiu.TodikovDE.Sprint2.Task2.V15", "Tyuiu.TodikovDE.Sprint2.Task2.V15\Tyuiu.TodikovDE.Sprint2.Task2.V15.csproj", "{FB2D061D-9C4E-4961-BCE6-584477E68C79}"
EndProject
Project("{9A19103F-16F7-4668-BE54-9A1E7A4F7556}") = "Tyuiu.TodikovDE.Sprint2.Task2.V15.Lib", "Tyuiu.TodikovDE.Sprint2.Task2.V15.Lib\Tyuiu.TodikovDE.Sprint2.Task2.V15.Lib.csproj", "{7EA9BF57-0052-43F6-8C03-D60B26D197DF}"
EndProject
Project("{9A19103F-16F7-4668-BE54-9A1E7A4F7556}") = "Tyuiu.TodikovDE.Sprint2.Task2.V15.Test", "Tyuiu.TodikovDE.Sprint2.Task2.V15.Test\Tyuiu.TodikovDE.Sprint2.Task2.V15.Test.csproj", "{EE112BFA-162E-4018-AB9A-CAF6D9563ACF}"
EndProject
Project("{2150E333-8FDC-42A3-9474-1A3956D46DE8}") = "Task3", "Task3", "{3A95B9B0-AEB3-4217-87A6-4FA2C61F9C40}"
EndProject
Project("{9A19103F-16F7-4668-BE54-9A1E7A4F7556}") = "Tyuiu.TodikovDE.Sprint2.Task3.V14", "Tyuiu.TodikovDE.Sprint2.Task3.V14\Tyuiu.TodikovDE.Sprint2.Task3.V14.csproj", "{61E54AB6-153B-4A99-BAFF-178DB43C6F35}"
EndProject
Project("{9A19103F-16F7-4668-BE54-9A1E7A4F7556}") = "Tyuiu.TodikovDE.Sprint2.Task3.V14.Lib", "Tyuiu.TodikovDE.Sprint2.Task3.V14.Lib\Tyuiu.TodikovDE.Sprint2.Task3.V14.Lib.csproj", "{2414BA38-A678-4E00-9208-1D033F4AC7C3}"
EndProject
Project("{9A19103F-16F7-4668-BE54-9A1E7A4F7556}") = "Tyuiu.TodikovDE.Sprint2.Task3.V14.Test", "Tyuiu.TodikovDE.Sprint2.Task3.V14.Test\Tyuiu.TodikovDE.Sprint2.Task3.V14.Test.csproj", "{1FF6E937-D949-4301-BDFA-A555EFB894E0}"
EndProject
Project("{2150E333-8FDC-42A3-9474-1A3956D46DE8}") = "Task4", "Task4", "{F8F0ABDF-9973-4204-8DBC-B0EB827A97DB}"
EndProject
Project("{9A19103F-16F7-4668-BE54-9A1E7A4F7556}") = "Tyuiu.TodikovDE.Sprint2.Task4.V4", "Tyuiu.TodikovDE.Sprint2.Task4.V4\Tyuiu.TodikovDE.Sprint2.Task4.V4.csproj", "{5D10AC44-2273-404C-865E-9975B9CFBF64}"
EndProject
Project("{9A19103F-16F7-4668-BE54-9A1E7A4F7556}") = "Tyuiu.TodikovDE.Sprint2.Task4.V4.Lib", "Tyuiu.TodikovDE.Sprint2.Task4.V4.Lib\Tyuiu.TodikovDE.Sprint2.Task4.V4.Lib.csproj", "{19829B21-E1EC-474D-8074-21D738FE3F86}"
EndProject
Project("{9A19103F-16F7-4668-BE54-9A1E7A4F7556}") = "Tyuiu.TodikovDE.Sprint2.Task4.V4.Test", "Tyuiu.TodikovDE.Sprint2.Task4.V4.Test\Tyuiu.TodikovDE.Sprint2.Task4.V4.Test.csproj", "{A97EB8C4-F727-4666-9DA0-9BEC4E49BF6D}"
EndProject
Project("{2150E333-8FDC-42A3-9474-1A3956D46DE8}") = "Task5", "Task5", "{0BD6F006-03D5-424B-B5DE-AC0D64A8208B}"
EndProject
Project("{FAE04EC0-301F-11D3-BF4B-00C04F79EFBC}") = "Tyuiu.TodikovDE.Sprint2.Task5.V3", "Tyuiu.TodikovDE.Sprint2.Task5.V3\Tyuiu.TodikovDE.Sprint2.Task5.V3.csproj", "{43E19BB3-650C-4920-9EBF-E53B5C11C7BA}"
EndProject
Project("{FAE04EC0-301F-11D3-BF4B-00C04F79EFBC}") = "Tyuiu.TodikovDE.Sprint2.Task5.V3.Lib", "Tyuiu.TodikovDE.Sprint2.Task5.V3.Lib\Tyuiu.TodikovDE.Sprint2.Task5.V3.Lib.csproj", "{638AD03C-15C4-42E9-8725-8B9A12B1D531}"
EndProject
Project("{FAE04EC0-301F-11D3-BF4B-00C04F79EFBC}") = "Tyuiu.TodikovDE.Sprint2.Task5.V3.Test", "Tyuiu.TodikovDE.Sprint2.Task5.V3.Test\Tyuiu.TodikovDE.Sprint2.Task5.V3.Test.csproj", "{5993FC9B-43F4-4D06-892E-D1DDE0B73D4C}"
EndProject
Project("{2150E333-8FDC-42A3-9474-1A3956D46DE8}") = "Task6", "Task6", "{0C7E59B4-3A50-4D84-BAE9-528AC2C173CD}"
EndProject
Project("{FAE04EC0-301F-11D3-BF4B-00C04F79EFBC}") = "Tyuiu.TodikovDE.Sprint2.Task6.V8", "Tyuiu.TodikovDE.Sprint2.Task6.V8\Tyuiu.TodikovDE.Sprint2.Task6.V8.csproj", "{F4F5A919-7420-4317-A494-C0CCA8FD5349}"
EndProject
Project("{FAE04EC0-301F-11D3-BF4B-00C04F79EFBC}") = "Tyuiu.TodikovDE.Sprint2.Task6.V8.Lib", "Tyuiu.TodikovDE.Sprint2.Task6.V8.Lib\Tyuiu.TodikovDE.Sprint2.Task6.V8.Lib.csproj", "{26B1993D-5696-4115-8D8D-95F01138B8E6}"
EndProject
Project("{FAE04EC0-301F-11D3-BF4B-00C04F79EFBC}") = "Tyuiu.TodikovDE.Sprint2.Task6.V8.Test", "Tyuiu.TodikovDE.Sprint2.Task6.V8.Test\Tyuiu.TodikovDE.Sprint2.Task6.V8.Test.csproj", "{A456C5A0-6E7D-4B0F-AB7D-BD7BBB43F446}"
EndProject
Global
	GlobalSection(SolutionConfigurationPlatforms) = preSolution
		Debug|Any CPU = Debug|Any CPU
		Release|Any CPU = Release|Any CPU
	EndGlobalSection
	GlobalSection(ProjectConfigurationPlatforms) = postSolution
		{A3E5669F-0EDA-4D20-A5DC-94D436B843CA}.Debug|Any CPU.ActiveCfg = Debug|Any CPU
		{A3E5669F-0EDA-4D20-A5DC-94D436B843CA}.Debug|Any CPU.Build.0 = Debug|Any CPU
		{A3E5669F-0EDA-4D20-A5DC-94D436B843CA}.Release|Any CPU.ActiveCfg = Release|Any CPU
		{A3E5669F-0EDA-4D20-A5DC-94D436B843CA}.Release|Any CPU.Build.0 = Release|Any CPU
		{25C6F61C-9418-4303-A4C8-924377D1E989}.Debug|Any CPU.ActiveCfg = Debug|Any CPU
		{25C6F61C-9418-4303-A4C8-924377D1E989}.Debug|Any CPU.Build.0 = Debug|Any CPU
		{25C6F61C-9418-4303-A4C8-924377D1E989}.Release|Any CPU.ActiveCfg = Release|Any CPU
		{25C6F61C-9418-4303-A4C8-924377D1E989}.Release|Any CPU.Build.0 = Release|Any CPU
		{12E46206-42DE-4500-A926-66F0AFBB4C98}.Debug|Any CPU.ActiveCfg = Debug|Any CPU
		{12E46206-42DE-4500-A926-66F0AFBB4C98}.Debug|Any CPU.Build.0 = Debug|Any CPU
		{12E46206-42DE-4500-A926-66F0AFBB4C98}.Release|Any CPU.ActiveCfg = Release|Any CPU
		{12E46206-42DE-4500-A926-66F0AFBB4C98}.Release|Any CPU.Build.0 = Release|Any CPU
		{6671DA0B-EB72-4EC7-B372-96AEEFFD9CAD}.Debug|Any CPU.ActiveCfg = Debug|Any CPU
		{6671DA0B-EB72-4EC7-B372-96AEEFFD9CAD}.Debug|Any CPU.Build.0 = Debug|Any CPU
		{6671DA0B-EB72-4EC7-B372-96AEEFFD9CAD}.Release|Any CPU.ActiveCfg = Release|Any CPU
		{6671DA0B-EB72-4EC7-B372-96AEEFFD9CAD}.Release|Any CPU.Build.0 = Release|Any CPU
		{408883BB-515A-4B99-B7C7-9B59952FC303}.Debug|Any CPU.ActiveCfg = Debug|Any CPU
		{408883BB-515A-4B99-B7C7-9B59952FC303}.Debug|Any CPU.Build.0 = Debug|Any CPU
		{408883BB-515A-4B99-B7C7-9B59952FC303}.Release|Any CPU.ActiveCfg = Release|Any CPU
		{408883BB-515A-4B99-B7C7-9B59952FC303}.Release|Any CPU.Build.0 = Release|Any CPU
		{39D8A10A-979D-4708-9F7C-90B9DF539339}.Debug|Any CPU.ActiveCfg = Debug|Any CPU
		{39D8A10A-979D-4708-9F7C-90B9DF539339}.Debug|Any CPU.Build.0 = Debug|Any CPU
		{39D8A10A-979D-4708-9F7C-90B9DF539339}.Release|Any CPU.ActiveCfg = Release|Any CPU
		{39D8A10A-979D-4708-9F7C-90B9DF539339}.Release|Any CPU.Build.0 = Release|Any CPU
		{FB2D061D-9C4E-4961-BCE6-584477E68C79}.Debug|Any CPU.ActiveCfg = Debug|Any CPU
		{FB2D061D-9C4E-4961-BCE6-584477E68C79}.Debug|Any CPU.Build.0 = Debug|Any CPU
		{FB2D061D-9C4E-4961-BCE6-584477E68C79}.Release|Any CPU.ActiveCfg = Release|Any CPU
		{FB2D061D-9C4E-4961-BCE6-584477E68C79}.Release|Any CPU.Build.0 = Release|Any CPU
		{7EA9BF57-0052-43F6-8C03-D60B26D197DF}.Debug|Any CPU.ActiveCfg = Debug|Any CPU
		{7EA9BF57-0052-43F6-8C03-D60B26D197DF}.Debug|Any CPU.Build.0 = Debug|Any CPU
		{7EA9BF57-0052-43F6-8C03-D60B26D197DF}.Release|Any CPU.ActiveCfg = Release|Any CPU
		{7EA9BF57-0052-43F6-8C03-D60B26D197DF}.Release|Any CPU.Build.0 = Release|Any CPU
		{EE112BFA-162E-4018-AB9A-CAF6D9563ACF}.Debug|Any CPU.ActiveCfg = Debug|Any CPU
		{EE112BFA-162E-4018-AB9A-CAF6D9563ACF}.Debug|Any CPU.Build.0 = Debug|Any CPU
		{EE112BFA-162E-4018-AB9A-CAF6D9563ACF}.Release|Any CPU.ActiveCfg = Release|Any CPU
		{EE112BFA-162E-4018-AB9A-CAF6D9563ACF}.Release|Any CPU.Build.0 = Release|Any CPU
		{61E54AB6-153B-4A99-BAFF-178DB43C6F35}.Debug|Any CPU.ActiveCfg = Debug|Any CPU
		{61E54AB6-153B-4A99-BAFF-178DB43C6F35}.Debug|Any CPU.Build.0 = Debug|Any CPU
		{61E54AB6-153B-4A99-BAFF-178DB43C6F35}.Release|Any CPU.ActiveCfg = Release|Any CPU
		{61E54AB6-153B-4A99-BAFF-178DB43C6F35}.Release|Any CPU.Build.0 = Release|Any CPU
		{2414BA38-A678-4E00-9208-1D033F4AC7C3}.Debug|Any CPU.ActiveCfg = Debug|Any CPU
		{2414BA38-A678-4E00-9208-1D033F4AC7C3}.Debug|Any CPU.Build.0 = Debug|Any CPU
		{2414BA38-A678-4E00-9208-1D033F4AC7C3}.Release|Any CPU.ActiveCfg = Release|Any CPU
		{2414BA38-A678-4E00-9208-1D033F4AC7C3}.Release|Any CPU.Build.0 = Release|Any CPU
		{1FF6E937-D949-4301-BDFA-A555EFB894E0}.Debug|Any CPU.ActiveCfg = Debug|Any CPU
		{1FF6E937-D949-4301-BDFA-A555EFB894E0}.Debug|Any CPU.Build.0 = Debug|Any CPU
		{1FF6E937-D949-4301-BDFA-A555EFB894E0}.Release|Any CPU.ActiveCfg = Release|Any CPU
		{1FF6E937-D949-4301-BDFA-A555EFB894E0}.Release|Any CPU.Build.0 = Release|Any CPU
		{5D10AC44-2273-404C-865E-9975B9CFBF64}.Debug|Any CPU.ActiveCfg = Debug|Any CPU
		{5D10AC44-2273-404C-865E-9975B9CFBF64}.Debug|Any CPU.Build.0 = Debug|Any CPU
		{5D10AC44-2273-404C-865E-9975B9CFBF64}.Release|Any CPU.ActiveCfg = Release|Any CPU
		{5D10AC44-2273-404C-865E-9975B9CFBF64}.Release|Any CPU.Build.0 = Release|Any CPU
		{19829B21-E1EC-474D-8074-21D738FE3F86}.Debug|Any CPU.ActiveCfg = Debug|Any CPU
		{19829B21-E1EC-474D-8074-21D738FE3F86}.Debug|Any CPU.Build.0 = Debug|Any CPU
		{19829B21-E1EC-474D-8074-21D738FE3F86}.Release|Any CPU.ActiveCfg = Release|Any CPU
		{19829B21-E1EC-474D-8074-21D738FE3F86}.Release|Any CPU.Build.0 = Release|Any CPU
		{A97EB8C4-F727-4666-9DA0-9BEC4E49BF6D}.Debug|Any CPU.ActiveCfg = Debug|Any CPU
		{A97EB8C4-F727-4666-9DA0-9BEC4E49BF6D}.Debug|Any CPU.Build.0 = Debug|Any CPU
		{A97EB8C4-F727-4666-9DA0-9BEC4E49BF6D}.Release|Any CPU.ActiveCfg = Release|Any CPU
		{A97EB8C4-F727-4666-9DA0-9BEC4E49BF6D}.Release|Any CPU.Build.0 = Release|Any CPU
		{43E19BB3-650C-4920-9EBF-E53B5C11C7BA}.Debug|Any CPU.ActiveCfg = Debug|Any CPU
		{43E19BB3-650C-4920-9EBF-E53B5C11C7BA}.Debug|Any CPU.Build.0 = Debug|Any CPU
		{43E19BB3-650C-4920-9EBF-E53B5C11C7BA}.Release|Any CPU.ActiveCfg = Release|Any CPU
		{43E19BB3-650C-4920-9EBF-E53B5C11C7BA}.Release|Any CPU.Build.0 = Release|Any CPU
		{638AD03C-15C4-42E9-8725-8B9A12B1D531}.Debug|Any CPU.ActiveCfg = Debug|Any CPU
		{638AD03C-15C4-42E9-8725-8B9A12B1D531}.Debug|Any CPU.Build.0 = Debug|Any CPU
		{638AD03C-15C4-42E9-8725-8B9A12B1D531}.Release|Any CPU.ActiveCfg = Release|Any CPU
		{638AD03C-15C4-42E9-8725-8B9A12B1D531}.Release|Any CPU.Build.0 = Release|Any CPU
		{5993FC9B-43F4-4D06-892E-D1DDE0B73D4C}.Debug|Any CPU.ActiveCfg = Debug|Any CPU
		{5993FC9B-43F4-4D06-892E-D1DDE0B73D4C}.Debug|Any CPU.Build.0 = Debug|Any CPU
		{5993FC9B-43F4-4D06-892E-D1DDE0B73D4C}.Release|Any CPU.ActiveCfg = Release|Any CPU
		{5993FC9B-43F4-4D06-892E-D1DDE0B73D4C}.Release|Any CPU.Build.0 = Release|Any CPU
		{F4F5A919-7420-4317-A494-C0CCA8FD5349}.Debug|Any CPU.ActiveCfg = Debug|Any CPU
		{F4F5A919-7420-4317-A494-C0CCA8FD5349}.Debug|Any CPU.Build.0 = Debug|Any CPU
		{F4F5A919-7420-4317-A494-C0CCA8FD5349}.Release|Any CPU.ActiveCfg = Release|Any CPU
		{F4F5A919-7420-4317-A494-C0CCA8FD5349}.Release|Any CPU.Build.0 = Release|Any CPU
		{26B1993D-5696-4115-8D8D-95F01138B8E6}.Debug|Any CPU.ActiveCfg = Debug|Any CPU
		{26B1993D-5696-4115-8D8D-95F01138B8E6}.Debug|Any CPU.Build.0 = Debug|Any CPU
		{26B1993D-5696-4115-8D8D-95F01138B8E6}.Release|Any CPU.ActiveCfg = Release|Any CPU
		{26B1993D-5696-4115-8D8D-95F01138B8E6}.Release|Any CPU.Build.0 = Release|Any CPU
		{A456C5A0-6E7D-4B0F-AB7D-BD7BBB43F446}.Debug|Any CPU.ActiveCfg = Debug|Any CPU
		{A456C5A0-6E7D-4B0F-AB7D-BD7BBB43F446}.Debug|Any CPU.Build.0 = Debug|Any CPU
		{A456C5A0-6E7D-4B0F-AB7D-BD7BBB43F446}.Release|Any CPU.ActiveCfg = Release|Any CPU
		{A456C5A0-6E7D-4B0F-AB7D-BD7BBB43F446}.Release|Any CPU.Build.0 = Release|Any CPU
	EndGlobalSection
	GlobalSection(SolutionProperties) = preSolution
		HideSolutionNode = FALSE
	EndGlobalSection
	GlobalSection(NestedProjects) = preSolution
		{A3E5669F-0EDA-4D20-A5DC-94D436B843CA} = {2169D59A-D632-4FA6-9403-1DCBF09A2706}
		{25C6F61C-9418-4303-A4C8-924377D1E989} = {2169D59A-D632-4FA6-9403-1DCBF09A2706}
		{12E46206-42DE-4500-A926-66F0AFBB4C98} = {2169D59A-D632-4FA6-9403-1DCBF09A2706}
		{6671DA0B-EB72-4EC7-B372-96AEEFFD9CAD} = {55F34422-0C9A-451C-9CE4-FC721BC4C4B5}
		{408883BB-515A-4B99-B7C7-9B59952FC303} = {55F34422-0C9A-451C-9CE4-FC721BC4C4B5}
		{39D8A10A-979D-4708-9F7C-90B9DF539339} = {55F34422-0C9A-451C-9CE4-FC721BC4C4B5}
		{FB2D061D-9C4E-4961-BCE6-584477E68C79} = {B1983AA3-A0DC-40FF-BD21-3F190A5BCE06}
		{7EA9BF57-0052-43F6-8C03-D60B26D197DF} = {B1983AA3-A0DC-40FF-BD21-3F190A5BCE06}
		{EE112BFA-162E-4018-AB9A-CAF6D9563ACF} = {B1983AA3-A0DC-40FF-BD21-3F190A5BCE06}
		{61E54AB6-153B-4A99-BAFF-178DB43C6F35} = {3A95B9B0-AEB3-4217-87A6-4FA2C61F9C40}
		{2414BA38-A678-4E00-9208-1D033F4AC7C3} = {3A95B9B0-AEB3-4217-87A6-4FA2C61F9C40}
		{1FF6E937-D949-4301-BDFA-A555EFB894E0} = {3A95B9B0-AEB3-4217-87A6-4FA2C61F9C40}
		{5D10AC44-2273-404C-865E-9975B9CFBF64} = {F8F0ABDF-9973-4204-8DBC-B0EB827A97DB}
		{19829B21-E1EC-474D-8074-21D738FE3F86} = {F8F0ABDF-9973-4204-8DBC-B0EB827A97DB}
		{A97EB8C4-F727-4666-9DA0-9BEC4E49BF6D} = {F8F0ABDF-9973-4204-8DBC-B0EB827A97DB}
		{43E19BB3-650C-4920-9EBF-E53B5C11C7BA} = {0BD6F006-03D5-424B-B5DE-AC0D64A8208B}
		{638AD03C-15C4-42E9-8725-8B9A12B1D531} = {0BD6F006-03D5-424B-B5DE-AC0D64A8208B}
		{5993FC9B-43F4-4D06-892E-D1DDE0B73D4C} = {0BD6F006-03D5-424B-B5DE-AC0D64A8208B}
		{F4F5A919-7420-4317-A494-C0CCA8FD5349} = {0C7E59B4-3A50-4D84-BAE9-528AC2C173CD}
		{26B1993D-5696-4115-8D8D-95F01138B8E6} = {0C7E59B4-3A50-4D84-BAE9-528AC2C173CD}
		{A456C5A0-6E7D-4B0F-AB7D-BD7BBB43F446} = {0C7E59B4-3A50-4D84-BAE9-528AC2C173CD}
	EndGlobalSection
	GlobalSection(ExtensibilityGlobals) = postSolution
		SolutionGuid = {22E1F45B-C5B0-4CCF-BE12-CF4F3E7F2015}
	EndGlobalSection
EndGlobal
